
Microsoft Visual Studio Solution File, Format Version 12.00
# Visual Studio Version 16
VisualStudioVersion = 16.0.30907.101
MinimumVisualStudioVersion = 10.0.40219.1
Project("{FAE04EC0-301F-11D3-BF4B-00C04F79EFBC}") = "basicsWebDevelopment", "basicsWebDevelopment\basicsWebDevelopment.csproj", "{23F36200-0015-4DCE-B2B4-CE586D5C675F}"
EndProject
Global
	GlobalSection(SolutionConfigurationPlatforms) = preSolution
		Debug|Any CPU = Debug|Any CPU
		Release|Any CPU = Release|Any CPU
	EndGlobalSection
	GlobalSection(ProjectConfigurationPlatforms) = postSolution
		{23F36200-0015-4DCE-B2B4-CE586D5C675F}.Debug|Any CPU.ActiveCfg = Debug|Any CPU
		{23F36200-0015-4DCE-B2B4-CE586D5C675F}.Debug|Any CPU.Build.0 = Debug|Any CPU
		{23F36200-0015-4DCE-B2B4-CE586D5C675F}.Release|Any CPU.ActiveCfg = Release|Any CPU
		{23F36200-0015-4DCE-B2B4-CE586D5C675F}.Release|Any CPU.Build.0 = Release|Any CPU
	EndGlobalSection
	GlobalSection(SolutionProperties) = preSolution
		HideSolutionNode = FALSE
	EndGlobalSection
	GlobalSection(ExtensibilityGlobals) = postSolution
		SolutionGuid = {0316D569-9EC5-461F-A7A0-44E14E0A2869}
	EndGlobalSection
EndGlobal
