
Microsoft Visual Studio Solution File, Format Version 12.00
# Visual Studio Version 16
VisualStudioVersion = 16.0.30907.101
MinimumVisualStudioVersion = 10.0.40219.1
Project("{FAE04EC0-301F-11D3-BF4B-00C04F79EFBC}") = "EntityFramework", "EntityFramework\EntityFramework.csproj", "{1972DBB3-7B44-4D51-9DF6-C8D4CC949D7F}"
EndProject
Global
	GlobalSection(SolutionConfigurationPlatforms) = preSolution
		Debug|Any CPU = Debug|Any CPU
		Release|Any CPU = Release|Any CPU
	EndGlobalSection
	GlobalSection(ProjectConfigurationPlatforms) = postSolution
		{1972DBB3-7B44-4D51-9DF6-C8D4CC949D7F}.Debug|Any CPU.ActiveCfg = Debug|Any CPU
		{1972DBB3-7B44-4D51-9DF6-C8D4CC949D7F}.Debug|Any CPU.Build.0 = Debug|Any CPU
		{1972DBB3-7B44-4D51-9DF6-C8D4CC949D7F}.Release|Any CPU.ActiveCfg = Release|Any CPU
		{1972DBB3-7B44-4D51-9DF6-C8D4CC949D7F}.Release|Any CPU.Build.0 = Release|Any CPU
	EndGlobalSection
	GlobalSection(SolutionProperties) = preSolution
		HideSolutionNode = FALSE
	EndGlobalSection
	GlobalSection(ExtensibilityGlobals) = postSolution
		SolutionGuid = {547AB78A-A07E-4C50-B495-428076C60A0E}
	EndGlobalSection
EndGlobal
