
Microsoft Visual Studio Solution File, Format Version 12.00
# Visual Studio Version 16
VisualStudioVersion = 16.0.30907.101
MinimumVisualStudioVersion = 10.0.40219.1
Project("{FAE04EC0-301F-11D3-BF4B-00C04F79EFBC}") = "Rental", "Rental.csproj", "{12FA5F6F-2A40-4EDD-980A-71D8BC87C3BF}"
EndProject
Global
	GlobalSection(SolutionConfigurationPlatforms) = preSolution
		Debug|Any CPU = Debug|Any CPU
		Release|Any CPU = Release|Any CPU
	EndGlobalSection
	GlobalSection(ProjectConfigurationPlatforms) = postSolution
		{12FA5F6F-2A40-4EDD-980A-71D8BC87C3BF}.Debug|Any CPU.ActiveCfg = Debug|Any CPU
		{12FA5F6F-2A40-4EDD-980A-71D8BC87C3BF}.Debug|Any CPU.Build.0 = Debug|Any CPU
		{12FA5F6F-2A40-4EDD-980A-71D8BC87C3BF}.Release|Any CPU.ActiveCfg = Release|Any CPU
		{12FA5F6F-2A40-4EDD-980A-71D8BC87C3BF}.Release|Any CPU.Build.0 = Release|Any CPU
	EndGlobalSection
	GlobalSection(SolutionProperties) = preSolution
		HideSolutionNode = FALSE
	EndGlobalSection
	GlobalSection(ExtensibilityGlobals) = postSolution
		SolutionGuid = {C2ACAB5E-3FB6-4190-9191-0DC01E5C4F52}
	EndGlobalSection
EndGlobal
